{
    "_meta": {
        "hash": {
            "sha256": "015a5e2aab4b70276345b515b494bff189aef7dcb9a4fa1945b12d030d123827"
        },
        "pipfile-spec": 6,
        "requires": {
            "python_version": "3.8"
        },
        "sources": [
            {
                "name": "pypi",
                "url": "https://pypi.org/simple",
                "verify_ssl": true
            }
        ]
    },
    "default": {
        "asgiref": {
            "hashes": [
                "sha256:92906c611ce6c967347bbfea733f13d6313901d54dcca88195eaeb52b2a8e8ee",
                "sha256:d1216dfbdfb63826470995d31caed36225dcaf34f182e0fa257a4dd9e86f1b78"
            ],
            "version": "==3.3.4"
        },
        "dependency-injector": {
            "hashes": [
                "sha256:006a38fa98a40dbbdb24a5f72e232bc59ee309950fd692fc4602dd662578feed",
                "sha256:0d7571444ed71c475a9cdfc29cd3318af0e7742a33f53868b46ca6acc2254ea4",
                "sha256:0ffe9af2d27fd8ec5a2e4f8a6bbecb2a2d6d261dba638dc44e12a28dd77e63cb",
                "sha256:11cc757a4c48bc958a31f5e3b9a4fdea9bebbf72d92be0372eeabff76ad8d2de",
                "sha256:12d650f63685b04f48d11b29c4929719d8cb150f6d93417685b7cb3c4b3c2f02",
                "sha256:14722a4dcb22933ca834c0805a91411d367c3cf2a477ee63806f830a426cd22b",
                "sha256:17c1cf0cf7e8cd9817780d5e3223562196111371b103bfafb4b7faf701b0e405",
                "sha256:1bb3eecc4912b5931cb91280b4bef9a0771fb3b1ef6b259cc3bc1781eb51970f",
                "sha256:2af0e53b6762787bfc7e12599631fc4a5780d35be94221e6247c006c318b4547",
                "sha256:2e97b58f9afd49b7f973615998830402da3cf4610503a05673fc08b2283f8009",
                "sha256:3337e195ae0c7a4991550e4ad1bf95a50ab50e60685dab7afe460a4b412cb00f",
                "sha256:3e1ca02df77575504fbcb8a69b279d8946acc04a3a4a346552707d4ddc8ea206",
                "sha256:3f85adf0b00f3efe3f981e5845adc8c0b29dcb707854eb2e2b5f38cad8c81120",
                "sha256:429b8fb411cffa015ff3dfb6bc7b97c4a395596590a500458e8b6fd84f4a9091",
                "sha256:5ce7385f17301780ef5a914555731502b62e0fbe8a3152634b3242aedd6520bc",
                "sha256:5d9e8cc6413adfef9eb924f1dbd6f487221cc1042b9917aeebb62c938eccb25d",
                "sha256:6e505431c48c59bbe58d9837bfc592bdede16686b765ea3a0a599cdacfff1114",
                "sha256:79467a8b936bee41a718ebde60641505ab1decb85249a4f497c8bdeed4f09fb8",
                "sha256:7e70fd946496b6adcdb3234af0f4831b770469b548e11627a186ad2ec037d9f4",
                "sha256:7e882a0ebb1e0566058cf0df9e4c754bd5fc7d3c6daed163a67d717a3022b935",
                "sha256:7f140092ecdef8ff89a1664d75925da8833e90a67c1cec564161f6377df70650",
                "sha256:831afe1ca6fb256f3597340babffbf70d0a0baa388df3ea22f394ee348fc6a2f",
                "sha256:8396b6b49e8e521744e0682548dab16b8b76190ea77813e3cb470adc1072cf6e",
                "sha256:8a854922dd5fbf1924181e981a9902b695d4cde439582789750c4433de584e32",
                "sha256:8d324e1e691117d0c0b6e047aed819710565c737fca92b23919284933b5251f7",
                "sha256:9a6245050f54e5e2d6430262f4d9f1ba1d7d12b4ef14507aeaf774537881eba1",
                "sha256:a773da4265aba3b421a54f313bdf5909bf4bc20e8111333cc803f51fd60b6d1b",
                "sha256:b05f7fe387cff2e30d2805bca97569d890381670c183b031e02fc0667e73f7e7",
                "sha256:bb8dc5a187b75c89145b9b9f71771547ece671a3e204312891112065469213b5",
                "sha256:c2864af383c47aa3be0b805f0027455648c9aba4484ffb7283dd940f1a05b085",
                "sha256:c7c68c0804db39ee44e1e5188884da35a33851a0661256a3a1479c3e2f683332",
                "sha256:c800a976cfe3a7fff60da014bd1e91a804118f183a2330b5fe59e405d4847ec3",
                "sha256:cde8c1cfa6084c31149b38cf11e83b24cf9fc7f6c38bae9e290950997f28adcf",
                "sha256:d8c003ab00ca39d7d4007ae836c6fc92fd3ae32fe59404d49b2a95bec6329bba",
                "sha256:db8e534e5032dc75ded6c6d4b6baf47d6d57905771b5a0cde1bfed9e641e8d81",
                "sha256:e0d0e15bfaed0f8cc77eaa0e561982de83cfaf3e7a8b7bfb9cde90c92d30ab91",
                "sha256:e204e4f9f651ba268b2ef1f94726d0f86ee5319ddb33c74777369cd64641fe14",
                "sha256:e4698c8ae46212c86b0bc3d27989709206b4b522527b248f054f77101427e506",
                "sha256:f121914c6a02855c7d1ac5a620dda14ca3119d7399d9244a25e74e763e2201b4",
                "sha256:f15133d3155fed00efa4789da84e702bf6e3feddf010de9aa5bc82512edd4748",
                "sha256:f279898e6fe1837b560138ebb8dcb60262eff7c255d0edb40ff437642841e8ea",
                "sha256:f46651f64d6a3cee18f85bb9e772939bb3d36e4bbad5d88a1afae312703f1962",
                "sha256:fba7557e00a3dc0b083956d3d37f56103eed879d8471503a5f600341d316de9d",
                "sha256:fdb15c25baa001e9554b421007a5fc43c3527970badb5e3dfc6a749358d3a57b",
                "sha256:fec66c7a42796676b71143101c368e8e8a74c6c93f0483c9b81a42892478eb27"
            ],
            "index": "pypi",
            "version": "==3.25.0"
        },
        "django": {
            "hashes": [
                "sha256:9bc7aa619ed878fedba62ce139abe663a147dccfd20e907725ec11e02a1ca225",
                "sha256:d58d8394036db75a81896037d757357e79406e8f68816c3e8a28721c1d9d4c11"
            ],
            "index": "pypi",
            "version": "==3.0.14"
        },
        "django-environ": {
            "hashes": [
                "sha256:6c9d87660142608f63ec7d5ce5564c49b603ea8ff25da595fd6098f6dc82afde",
                "sha256:c57b3c11ec1f319d9474e3e5a79134f40174b17c7cc024bbb2fad84646b120c4"
            ],
            "index": "pypi",
            "version": "==0.4.5"
        },
        "djangorestframework": {
            "hashes": [
                "sha256:05809fc66e1c997fd9a32ea5730d9f4ba28b109b9da71fccfa5ff241201fd0a4",
                "sha256:e782087823c47a26826ee5b6fa0c542968219263fb3976ec3c31edab23a4001f"
            ],
            "index": "pypi",
            "version": "==3.11.0"
        },
        "mysqlclient": {
            "hashes": [
                "sha256:3f39855a4ad22805361e782cc4d1010ac74796225fa2d1c03cc16673ccdc983a",
                "sha256:a6b5648f648b16335e3b1aaec93dc3fcc81a9a661180e306936437cc522c810b",
                "sha256:edd42ccaa444b00702d5374b2f5f7585c9d0ce201917f15339f1c3cf91c1b1ed",
                "sha256:fb2f75aea14722390d2d8ddf384ad99da708c707a96656210a7be8af20a2c5e5"
            ],
            "index": "pypi",
            "version": "==2.0.1"
        },
        "pytz": {
            "hashes": [
                "sha256:83a4a90894bf38e243cf052c8b58f381bfe9a7a483f6a9cab140bc7f702ac4da",
                "sha256:eb10ce3e7736052ed3623d49975ce333bcd712c7bb19a58b9e2089d4057d0798"
            ],
            "version": "==2021.1"
        },
        "six": {
            "hashes": [
                "sha256:30639c035cdb23534cd4aa2dd52c3bf48f06e5f4a941509c8bafd8ce11080259",
                "sha256:8b74bedcbbbaca38ff6d7491d76f2b06b3592611af620f8426e82dddb04a5ced"
            ],
            "version": "==1.15.0"
        },
        "sqlparse": {
            "hashes": [
                "sha256:017cde379adbd6a1f15a61873f43e8274179378e95ef3fede90b5aa64d304ed0",
                "sha256:0f91fd2e829c44362cbcfab3e9ae12e22badaa8a29ad5ff599f9ec109f0454e8"
            ],
            "version": "==0.4.1"
        },
        "uwsgi": {
            "hashes": [
                "sha256:faa85e053c0b1be4d5585b0858d3a511d2cd10201802e8676060fd0a109e5869"
            ],
            "index": "pypi",
            "version": "==2.0.19.1"
        }
    },
    "develop": {
        "coverage": {
            "hashes": [
                "sha256:098a703d913be6fbd146a8c50cc76513d726b022d170e5e98dc56d958fd592fb",
                "sha256:16042dc7f8e632e0dcd5206a5095ebd18cb1d005f4c89694f7f8aafd96dd43a3",
                "sha256:1adb6be0dcef0cf9434619d3b892772fdb48e793300f9d762e480e043bd8e716",
                "sha256:27ca5a2bc04d68f0776f2cdcb8bbd508bbe430a7bf9c02315cd05fb1d86d0034",
                "sha256:28f42dc5172ebdc32622a2c3f7ead1b836cdbf253569ae5673f499e35db0bac3",
                "sha256:2fcc8b58953d74d199a1a4d633df8146f0ac36c4e720b4a1997e9b6327af43a8",
                "sha256:304fbe451698373dc6653772c72c5d5e883a4aadaf20343592a7abb2e643dae0",
                "sha256:30bc103587e0d3df9e52cd9da1dd915265a22fad0b72afe54daf840c984b564f",
                "sha256:40f70f81be4d34f8d491e55936904db5c527b0711b2a46513641a5729783c2e4",
                "sha256:4186fc95c9febeab5681bc3248553d5ec8c2999b8424d4fc3a39c9cba5796962",
                "sha256:46794c815e56f1431c66d81943fa90721bb858375fb36e5903697d5eef88627d",
                "sha256:4869ab1c1ed33953bb2433ce7b894a28d724b7aa76c19b11e2878034a4e4680b",
                "sha256:4f6428b55d2916a69f8d6453e48a505c07b2245653b0aa9f0dee38785939f5e4",
                "sha256:52f185ffd3291196dc1aae506b42e178a592b0b60a8610b108e6ad892cfc1bb3",
                "sha256:538f2fd5eb64366f37c97fdb3077d665fa946d2b6d95447622292f38407f9258",
                "sha256:64c4f340338c68c463f1b56e3f2f0423f7b17ba6c3febae80b81f0e093077f59",
                "sha256:675192fca634f0df69af3493a48224f211f8db4e84452b08d5fcebb9167adb01",
                "sha256:700997b77cfab016533b3e7dbc03b71d33ee4df1d79f2463a318ca0263fc29dd",
                "sha256:8505e614c983834239f865da2dd336dcf9d72776b951d5dfa5ac36b987726e1b",
                "sha256:962c44070c281d86398aeb8f64e1bf37816a4dfc6f4c0f114756b14fc575621d",
                "sha256:9e536783a5acee79a9b308be97d3952b662748c4037b6a24cbb339dc7ed8eb89",
                "sha256:9ea749fd447ce7fb1ac71f7616371f04054d969d412d37611716721931e36efd",
                "sha256:a34cb28e0747ea15e82d13e14de606747e9e484fb28d63c999483f5d5188e89b",
                "sha256:a3ee9c793ffefe2944d3a2bd928a0e436cd0ac2d9e3723152d6fd5398838ce7d",
                "sha256:aab75d99f3f2874733946a7648ce87a50019eb90baef931698f96b76b6769a46",
                "sha256:b1ed2bdb27b4c9fc87058a1cb751c4df8752002143ed393899edb82b131e0546",
                "sha256:b360d8fd88d2bad01cb953d81fd2edd4be539df7bfec41e8753fe9f4456a5082",
                "sha256:b8f58c7db64d8f27078cbf2a4391af6aa4e4767cc08b37555c4ae064b8558d9b",
                "sha256:c1bbb628ed5192124889b51204de27c575b3ffc05a5a91307e7640eff1d48da4",
                "sha256:c2ff24df02a125b7b346c4c9078c8936da06964cc2d276292c357d64378158f8",
                "sha256:c890728a93fffd0407d7d37c1e6083ff3f9f211c83b4316fae3778417eab9811",
                "sha256:c96472b8ca5dc135fb0aa62f79b033f02aa434fb03a8b190600a5ae4102df1fd",
                "sha256:ce7866f29d3025b5b34c2e944e66ebef0d92e4a4f2463f7266daa03a1332a651",
                "sha256:e26c993bd4b220429d4ec8c1468eca445a4064a61c74ca08da7429af9bc53bb0"
            ],
            "index": "pypi",
            "version": "==5.2.1"
        }
    }
}
